
Microsoft Visual Studio Solution File, Format Version 12.00
# Visual Studio Version 17
VisualStudioVersion = 17.1.32120.378
MinimumVisualStudioVersion = 10.0.40219.1
Project("{9A19103F-16F7-4668-BE54-9A1E7A4F7556}") = "Word Analyzer - non-threaded", "Word Analyzer\Word Analyzer - non-threaded.csproj", "{E411C06C-19F9-48FD-9840-EC9D29C1DD4C}"
EndProject
Project("{9A19103F-16F7-4668-BE54-9A1E7A4F7556}") = "Word Analyzer - multi-threaded", "Word Analyzer - multi-threaded\Word Analyzer - multi-threaded.csproj", "{0B63BA59-BC52-459C-BD3F-1A0C9F949A96}"
EndProject
Project("{9A19103F-16F7-4668-BE54-9A1E7A4F7556}") = "Image Downsizer", "Image Downsizer\Image Downsizer.csproj", "{0A8AC369-0155-4423-84B3-9768AB5750A2}"
EndProject
Project("{FAE04EC0-301F-11D3-BF4B-00C04F79EFBC}") = "Area51", "Area51\Area51.csproj", "{A76ABB75-C733-4C31-8583-FF1434408EAE}"
EndProject
Global
	GlobalSection(SolutionConfigurationPlatforms) = preSolution
		Debug|Any CPU = Debug|Any CPU
		Release|Any CPU = Release|Any CPU
	EndGlobalSection
	GlobalSection(ProjectConfigurationPlatforms) = postSolution
		{E411C06C-19F9-48FD-9840-EC9D29C1DD4C}.Debug|Any CPU.ActiveCfg = Debug|Any CPU
		{E411C06C-19F9-48FD-9840-EC9D29C1DD4C}.Debug|Any CPU.Build.0 = Debug|Any CPU
		{E411C06C-19F9-48FD-9840-EC9D29C1DD4C}.Release|Any CPU.ActiveCfg = Release|Any CPU
		{E411C06C-19F9-48FD-9840-EC9D29C1DD4C}.Release|Any CPU.Build.0 = Release|Any CPU
		{0B63BA59-BC52-459C-BD3F-1A0C9F949A96}.Debug|Any CPU.ActiveCfg = Debug|Any CPU
		{0B63BA59-BC52-459C-BD3F-1A0C9F949A96}.Debug|Any CPU.Build.0 = Debug|Any CPU
		{0B63BA59-BC52-459C-BD3F-1A0C9F949A96}.Release|Any CPU.ActiveCfg = Release|Any CPU
		{0B63BA59-BC52-459C-BD3F-1A0C9F949A96}.Release|Any CPU.Build.0 = Release|Any CPU
		{0A8AC369-0155-4423-84B3-9768AB5750A2}.Debug|Any CPU.ActiveCfg = Debug|Any CPU
		{0A8AC369-0155-4423-84B3-9768AB5750A2}.Debug|Any CPU.Build.0 = Debug|Any CPU
		{0A8AC369-0155-4423-84B3-9768AB5750A2}.Release|Any CPU.ActiveCfg = Release|Any CPU
		{0A8AC369-0155-4423-84B3-9768AB5750A2}.Release|Any CPU.Build.0 = Release|Any CPU
		{A76ABB75-C733-4C31-8583-FF1434408EAE}.Debug|Any CPU.ActiveCfg = Debug|Any CPU
		{A76ABB75-C733-4C31-8583-FF1434408EAE}.Debug|Any CPU.Build.0 = Debug|Any CPU
		{A76ABB75-C733-4C31-8583-FF1434408EAE}.Release|Any CPU.ActiveCfg = Release|Any CPU
		{A76ABB75-C733-4C31-8583-FF1434408EAE}.Release|Any CPU.Build.0 = Release|Any CPU
	EndGlobalSection
	GlobalSection(SolutionProperties) = preSolution
		HideSolutionNode = FALSE
	EndGlobalSection
	GlobalSection(ExtensibilityGlobals) = postSolution
		SolutionGuid = {B81DAD20-8E01-47C3-98FD-629A3F62AA7E}
	EndGlobalSection
EndGlobal
